
Microsoft Visual Studio Solution File, Format Version 12.00
# Visual Studio Version 16
VisualStudioVersion = 16.0.31424.327
MinimumVisualStudioVersion = 10.0.40219.1
Project("{FAE04EC0-301F-11D3-BF4B-00C04F79EFBC}") = "Demon", "Demon.csproj", "{49981882-DCE4-4DF0-B4E3-C4224B955A1E}"
EndProject
Project("{FAE04EC0-301F-11D3-BF4B-00C04F79EFBC}") = "DeviceConnect", "..\DeviceConnect\DeviceConnect.csproj", "{62A59374-7526-4BD3-8956-FF9AAC1F70E1}"
EndProject
Global
	GlobalSection(SolutionConfigurationPlatforms) = preSolution
		Debug|Any CPU = Debug|Any CPU
		Release|Any CPU = Release|Any CPU
	EndGlobalSection
	GlobalSection(ProjectConfigurationPlatforms) = postSolution
		{49981882-DCE4-4DF0-B4E3-C4224B955A1E}.Debug|Any CPU.ActiveCfg = Debug|Any CPU
		{49981882-DCE4-4DF0-B4E3-C4224B955A1E}.Debug|Any CPU.Build.0 = Debug|Any CPU
		{49981882-DCE4-4DF0-B4E3-C4224B955A1E}.Release|Any CPU.ActiveCfg = Release|Any CPU
		{49981882-DCE4-4DF0-B4E3-C4224B955A1E}.Release|Any CPU.Build.0 = Release|Any CPU
		{62A59374-7526-4BD3-8956-FF9AAC1F70E1}.Debug|Any CPU.ActiveCfg = Debug|Any CPU
		{62A59374-7526-4BD3-8956-FF9AAC1F70E1}.Debug|Any CPU.Build.0 = Debug|Any CPU
		{62A59374-7526-4BD3-8956-FF9AAC1F70E1}.Release|Any CPU.ActiveCfg = Release|Any CPU
		{62A59374-7526-4BD3-8956-FF9AAC1F70E1}.Release|Any CPU.Build.0 = Release|Any CPU
	EndGlobalSection
	GlobalSection(SolutionProperties) = preSolution
		HideSolutionNode = FALSE
	EndGlobalSection
	GlobalSection(ExtensibilityGlobals) = postSolution
		SolutionGuid = {C1525613-4EE1-4BED-8CC9-DBBF104CAA67}
	EndGlobalSection
EndGlobal
